
Microsoft Visual Studio Solution File, Format Version 12.00
# Visual Studio Version 16
VisualStudioVersion = 16.0.30503.244
MinimumVisualStudioVersion = 10.0.40219.1
Project("{FAE04EC0-301F-11D3-BF4B-00C04F79EFBC}") = "01-ByteBank", "01-ByteBank\01-ByteBank.csproj", "{6350BDA9-24D1-425B-95AE-FC4171D616B1}"
EndProject
Project("{FAE04EC0-301F-11D3-BF4B-00C04F79EFBC}") = "02-ByteBank", "02-ByteBank\02-ByteBank.csproj", "{AEBC8EAB-CE16-49C4-BCDE-8357310AF2FC}"
EndProject
Global
	GlobalSection(SolutionConfigurationPlatforms) = preSolution
		Debug|Any CPU = Debug|Any CPU
		Release|Any CPU = Release|Any CPU
	EndGlobalSection
	GlobalSection(ProjectConfigurationPlatforms) = postSolution
		{6350BDA9-24D1-425B-95AE-FC4171D616B1}.Debug|Any CPU.ActiveCfg = Debug|Any CPU
		{6350BDA9-24D1-425B-95AE-FC4171D616B1}.Debug|Any CPU.Build.0 = Debug|Any CPU
		{6350BDA9-24D1-425B-95AE-FC4171D616B1}.Release|Any CPU.ActiveCfg = Release|Any CPU
		{6350BDA9-24D1-425B-95AE-FC4171D616B1}.Release|Any CPU.Build.0 = Release|Any CPU
		{AEBC8EAB-CE16-49C4-BCDE-8357310AF2FC}.Debug|Any CPU.ActiveCfg = Debug|Any CPU
		{AEBC8EAB-CE16-49C4-BCDE-8357310AF2FC}.Debug|Any CPU.Build.0 = Debug|Any CPU
		{AEBC8EAB-CE16-49C4-BCDE-8357310AF2FC}.Release|Any CPU.ActiveCfg = Release|Any CPU
		{AEBC8EAB-CE16-49C4-BCDE-8357310AF2FC}.Release|Any CPU.Build.0 = Release|Any CPU
	EndGlobalSection
	GlobalSection(SolutionProperties) = preSolution
		HideSolutionNode = FALSE
	EndGlobalSection
	GlobalSection(ExtensibilityGlobals) = postSolution
		SolutionGuid = {0382DFB4-A8FE-4790-8A46-73486FF3BDAB}
	EndGlobalSection
EndGlobal
